
Microsoft Visual Studio Solution File, Format Version 12.00
# Visual Studio Version 17
VisualStudioVersion = 17.14.36121.58 d17.14
MinimumVisualStudioVersion = 10.0.40219.1
Project("{C9674DCB-5085-4A16-B785-4C70DD1589BD}") = "Soporte ERP Integration Services", "Soporte ERP Integration Services\Soporte ERP Integration Services.dtproj", "{1B501DB3-1066-D55E-ECF1-97A0D5AC770A}"
EndProject
Global
	GlobalSection(SolutionConfigurationPlatforms) = preSolution
		Development|Default = Development|Default
	EndGlobalSection
	GlobalSection(ProjectConfigurationPlatforms) = postSolution
		{1B501DB3-1066-D55E-ECF1-97A0D5AC770A}.Development|Default.ActiveCfg = Development
		{1B501DB3-1066-D55E-ECF1-97A0D5AC770A}.Development|Default.Build.0 = Development
	EndGlobalSection
	GlobalSection(SolutionProperties) = preSolution
		HideSolutionNode = FALSE
	EndGlobalSection
	GlobalSection(ExtensibilityGlobals) = postSolution
		SolutionGuid = {A96C6DEE-EFC8-4A20-9E9B-C2BE418F82B7}
	EndGlobalSection
EndGlobal
